#MicroXplorer Configuration settings - do not modify
ADC1.Channel-0\#ChannelRegularConversion=ADC_CHANNEL_VREFINT
ADC1.Channel-1\#ChannelRegularConversion=ADC_CHANNEL_12
ADC1.Channel-2\#ChannelRegularConversion=ADC_CHANNEL_13
ADC1.ClockPrescaler=ADC_CLOCK_SYNC_PCLK_DIV4
ADC1.ContinuousConvMode=ENABLE
ADC1.DMAContinuousRequests=ENABLE
ADC1.IPParameters=Rank-0\#ChannelRegularConversion,master,Channel-0\#ChannelRegularConversion,SamplingTime-0\#ChannelRegularConversion,NbrOfConversionFlag,ClockPrescaler,ScanConvMode,ContinuousConvMode,DMAContinuousRequests,Rank-1\#ChannelRegularConversion,Channel-1\#ChannelRegularConversion,SamplingTime-1\#ChannelRegularConversion,Rank-2\#ChannelRegularConversion,Channel-2\#ChannelRegularConversion,SamplingTime-2\#ChannelRegularConversion,NbrOfConversion
ADC1.NbrOfConversion=3
ADC1.NbrOfConversionFlag=1
ADC1.Rank-0\#ChannelRegularConversion=1
ADC1.Rank-1\#ChannelRegularConversion=2
ADC1.Rank-2\#ChannelRegularConversion=3
ADC1.SamplingTime-0\#ChannelRegularConversion=ADC_SAMPLETIME_3CYCLES
ADC1.SamplingTime-1\#ChannelRegularConversion=ADC_SAMPLETIME_3CYCLES
ADC1.SamplingTime-2\#ChannelRegularConversion=ADC_SAMPLETIME_3CYCLES
ADC1.ScanConvMode=ENABLE
ADC1.master=1
CAD.formats=
CAD.pinconfig=
CAD.provider=
CAN1.ABOM=ENABLE
CAN1.AWUM=ENABLE
CAN1.BS1=CAN_BS1_3TQ
CAN1.BS2=CAN_BS2_2TQ
CAN1.CalculateBaudRate=999999
CAN1.CalculateTimeBit=1000
CAN1.CalculateTimeQuantum=166.66666666666669
CAN1.IPParameters=CalculateTimeQuantum,CalculateTimeBit,CalculateBaudRate,Prescaler,BS1,BS2,ABOM,AWUM,NART,TXFP
CAN1.NART=ENABLE
CAN1.Prescaler=7
CAN1.TXFP=ENABLE
CAN2.ABOM=ENABLE
CAN2.AWUM=ENABLE
CAN2.BS1=CAN_BS1_3TQ
CAN2.BS2=CAN_BS2_2TQ
CAN2.CalculateBaudRate=999999
CAN2.CalculateTimeBit=1000
CAN2.CalculateTimeQuantum=166.66666666666669
CAN2.IPParameters=CalculateTimeQuantum,CalculateTimeBit,CalculateBaudRate,BS1,BS2,Prescaler,ABOM,AWUM,TXFP,NART
CAN2.NART=ENABLE
CAN2.Prescaler=7
CAN2.TXFP=ENABLE
Dma.ADC1.6.Direction=DMA_PERIPH_TO_MEMORY
Dma.ADC1.6.FIFOMode=DMA_FIFOMODE_DISABLE
Dma.ADC1.6.Instance=DMA2_Stream0
Dma.ADC1.6.MemDataAlignment=DMA_MDATAALIGN_HALFWORD
Dma.ADC1.6.MemInc=DMA_MINC_ENABLE
Dma.ADC1.6.Mode=DMA_CIRCULAR
Dma.ADC1.6.PeriphDataAlignment=DMA_PDATAALIGN_HALFWORD
Dma.ADC1.6.PeriphInc=DMA_PINC_DISABLE
Dma.ADC1.6.Priority=DMA_PRIORITY_LOW
Dma.ADC1.6.RequestParameters=Instance,Direction,PeriphInc,MemInc,PeriphDataAlignment,MemDataAlignment,Mode,Priority,FIFOMode
Dma.Request0=USART1_RX
Dma.Request1=USART6_RX
Dma.Request2=USART6_TX
Dma.Request3=UART7_RX
Dma.Request4=USART3_RX
Dma.Request5=USART3_TX
Dma.Request6=ADC1
Dma.RequestsNb=7
Dma.UART7_RX.3.Direction=DMA_PERIPH_TO_MEMORY
Dma.UART7_RX.3.FIFOMode=DMA_FIFOMODE_DISABLE
Dma.UART7_RX.3.Instance=DMA1_Stream3
Dma.UART7_RX.3.MemDataAlignment=DMA_MDATAALIGN_BYTE
Dma.UART7_RX.3.MemInc=DMA_MINC_ENABLE
Dma.UART7_RX.3.Mode=DMA_NORMAL
Dma.UART7_RX.3.PeriphDataAlignment=DMA_PDATAALIGN_BYTE
Dma.UART7_RX.3.PeriphInc=DMA_PINC_DISABLE
Dma.UART7_RX.3.Priority=DMA_PRIORITY_LOW
Dma.UART7_RX.3.RequestParameters=Instance,Direction,PeriphInc,MemInc,PeriphDataAlignment,MemDataAlignment,Mode,Priority,FIFOMode
Dma.USART1_RX.0.Direction=DMA_PERIPH_TO_MEMORY
Dma.USART1_RX.0.FIFOMode=DMA_FIFOMODE_DISABLE
Dma.USART1_RX.0.Instance=DMA2_Stream5
Dma.USART1_RX.0.MemDataAlignment=DMA_MDATAALIGN_BYTE
Dma.USART1_RX.0.MemInc=DMA_MINC_ENABLE
Dma.USART1_RX.0.Mode=DMA_CIRCULAR
Dma.USART1_RX.0.PeriphDataAlignment=DMA_PDATAALIGN_BYTE
Dma.USART1_RX.0.PeriphInc=DMA_PINC_DISABLE
Dma.USART1_RX.0.Priority=DMA_PRIORITY_LOW
Dma.USART1_RX.0.RequestParameters=Instance,Direction,PeriphInc,MemInc,PeriphDataAlignment,MemDataAlignment,Mode,Priority,FIFOMode
Dma.USART3_RX.4.Direction=DMA_PERIPH_TO_MEMORY
Dma.USART3_RX.4.FIFOMode=DMA_FIFOMODE_DISABLE
Dma.USART3_RX.4.Instance=DMA1_Stream1
Dma.USART3_RX.4.MemDataAlignment=DMA_MDATAALIGN_BYTE
Dma.USART3_RX.4.MemInc=DMA_MINC_ENABLE
Dma.USART3_RX.4.Mode=DMA_NORMAL
Dma.USART3_RX.4.PeriphDataAlignment=DMA_PDATAALIGN_BYTE
Dma.USART3_RX.4.PeriphInc=DMA_PINC_DISABLE
Dma.USART3_RX.4.Priority=DMA_PRIORITY_LOW
Dma.USART3_RX.4.RequestParameters=Instance,Direction,PeriphInc,MemInc,PeriphDataAlignment,MemDataAlignment,Mode,Priority,FIFOMode
Dma.USART3_TX.5.Direction=DMA_MEMORY_TO_PERIPH
Dma.USART3_TX.5.FIFOMode=DMA_FIFOMODE_DISABLE
Dma.USART3_TX.5.Instance=DMA1_Stream4
Dma.USART3_TX.5.MemDataAlignment=DMA_MDATAALIGN_BYTE
Dma.USART3_TX.5.MemInc=DMA_MINC_ENABLE
Dma.USART3_TX.5.Mode=DMA_NORMAL
Dma.USART3_TX.5.PeriphDataAlignment=DMA_PDATAALIGN_BYTE
Dma.USART3_TX.5.PeriphInc=DMA_PINC_DISABLE
Dma.USART3_TX.5.Priority=DMA_PRIORITY_LOW
Dma.USART3_TX.5.RequestParameters=Instance,Direction,PeriphInc,MemInc,PeriphDataAlignment,MemDataAlignment,Mode,Priority,FIFOMode
Dma.USART6_RX.1.Direction=DMA_PERIPH_TO_MEMORY
Dma.USART6_RX.1.FIFOMode=DMA_FIFOMODE_DISABLE
Dma.USART6_RX.1.Instance=DMA2_Stream1
Dma.USART6_RX.1.MemDataAlignment=DMA_MDATAALIGN_BYTE
Dma.USART6_RX.1.MemInc=DMA_MINC_ENABLE
Dma.USART6_RX.1.Mode=DMA_CIRCULAR
Dma.USART6_RX.1.PeriphDataAlignment=DMA_PDATAALIGN_BYTE
Dma.USART6_RX.1.PeriphInc=DMA_PINC_DISABLE
Dma.USART6_RX.1.Priority=DMA_PRIORITY_LOW
Dma.USART6_RX.1.RequestParameters=Instance,Direction,PeriphInc,MemInc,PeriphDataAlignment,MemDataAlignment,Mode,Priority,FIFOMode
Dma.USART6_TX.2.Direction=DMA_MEMORY_TO_PERIPH
Dma.USART6_TX.2.FIFOMode=DMA_FIFOMODE_DISABLE
Dma.USART6_TX.2.Instance=DMA2_Stream6
Dma.USART6_TX.2.MemDataAlignment=DMA_MDATAALIGN_BYTE
Dma.USART6_TX.2.MemInc=DMA_MINC_ENABLE
Dma.USART6_TX.2.Mode=DMA_NORMAL
Dma.USART6_TX.2.PeriphDataAlignment=DMA_PDATAALIGN_BYTE
Dma.USART6_TX.2.PeriphInc=DMA_PINC_DISABLE
Dma.USART6_TX.2.Priority=DMA_PRIORITY_LOW
Dma.USART6_TX.2.RequestParameters=Instance,Direction,PeriphInc,MemInc,PeriphDataAlignment,MemDataAlignment,Mode,Priority,FIFOMode
FREERTOS.FootprintOK=true
FREERTOS.INCLUDE_vTaskDelayUntil=1
FREERTOS.IPParameters=Tasks01,INCLUDE_vTaskDelayUntil,FootprintOK
FREERTOS.Tasks01=Activate_Task,0,128,User_SystemInit_Task,Default,NULL,Dynamic,NULL,NULL
File.Version=6
GPIO.groupedBy=Group By Peripherals
IWDG.IPParameters=Prescaler
IWDG.Prescaler=IWDG_PRESCALER_8
KeepUserPlacement=false
Mcu.CPN=STM32F427IIH6
Mcu.Family=STM32F4
Mcu.IP0=ADC1
Mcu.IP1=CAN1
Mcu.IP10=SPI1
Mcu.IP11=SPI5
Mcu.IP12=SYS
Mcu.IP13=TIM2
Mcu.IP14=TIM3
Mcu.IP15=TIM4
Mcu.IP16=TIM5
Mcu.IP17=TIM9
Mcu.IP18=TIM12
Mcu.IP19=UART7
Mcu.IP2=CAN2
Mcu.IP20=USART1
Mcu.IP21=USART2
Mcu.IP22=USART3
Mcu.IP23=USART6
Mcu.IP3=DMA
Mcu.IP4=FREERTOS
Mcu.IP5=IWDG
Mcu.IP6=NVIC
Mcu.IP7=RCC
Mcu.IP8=RNG
Mcu.IP9=RTC
Mcu.IPNb=24
Mcu.Name=STM32F427I(G-I)Hx
Mcu.Package=UFBGA176
Mcu.Pin0=PB5
Mcu.Pin1=PG14
Mcu.Pin10=PD6
Mcu.Pin11=PD0
Mcu.Pin12=PG9
Mcu.Pin13=PD5
Mcu.Pin14=PD1
Mcu.Pin15=PH0/OSC_IN
Mcu.Pin16=PH1/OSC_OUT
Mcu.Pin17=PG8
Mcu.Pin18=PG7
Mcu.Pin19=PG6
Mcu.Pin2=PG13
Mcu.Pin20=PF7
Mcu.Pin21=PF6
Mcu.Pin22=PH12
Mcu.Pin23=PG5
Mcu.Pin24=PG4
Mcu.Pin25=PG3
Mcu.Pin26=PF9
Mcu.Pin27=PF8
Mcu.Pin28=PH11
Mcu.Pin29=PH10
Mcu.Pin3=PB4
Mcu.Pin30=PG2
Mcu.Pin31=PC2
Mcu.Pin32=PC3
Mcu.Pin33=PG1
Mcu.Pin34=PH6
Mcu.Pin35=PD12
Mcu.Pin36=PA6
Mcu.Pin37=PE8
Mcu.Pin38=PB12
Mcu.Pin39=PB13
Mcu.Pin4=PB3
Mcu.Pin40=PD9
Mcu.Pin41=PD8
Mcu.Pin42=PA7
Mcu.Pin43=PE7
Mcu.Pin44=PE15
Mcu.Pin45=PB10
Mcu.Pin46=VP_ADC1_Vref_Input
Mcu.Pin47=VP_FREERTOS_VS_CMSIS_V1
Mcu.Pin48=VP_IWDG_VS_IWDG
Mcu.Pin49=VP_RNG_VS_RNG
Mcu.Pin5=PA14
Mcu.Pin50=VP_RTC_VS_RTC_Activate
Mcu.Pin51=VP_RTC_VS_RTC_Calendar
Mcu.Pin52=VP_SYS_VS_tim6
Mcu.Pin53=VP_TIM2_VS_ClockSourceINT
Mcu.Pin54=VP_TIM3_VS_ClockSourceINT
Mcu.Pin55=VP_TIM4_VS_ClockSourceINT
Mcu.Pin56=VP_TIM5_VS_ClockSourceINT
Mcu.Pin57=VP_TIM9_VS_ClockSourceINT
Mcu.Pin58=VP_TIM12_VS_ClockSourceINT
Mcu.Pin6=PA13
Mcu.Pin7=PB9
Mcu.Pin8=PB7
Mcu.Pin9=PB6
Mcu.PinsNb=59
Mcu.ThirdPartyNb=0
Mcu.UserConstants=
Mcu.UserName=STM32F427IIHx
MxCube.Version=6.8.0
MxDb.Version=DB.6.0.80
NVIC.BusFault_IRQn=true\:0\:0\:false\:false\:true\:false\:false\:false\:false
NVIC.CAN1_RX0_IRQn=true\:6\:0\:true\:false\:true\:false\:true\:true\:true
NVIC.CAN2_RX0_IRQn=true\:6\:0\:true\:false\:true\:false\:true\:true\:true
NVIC.DMA1_Stream1_IRQn=true\:5\:0\:false\:false\:true\:true\:false\:true\:true
NVIC.DMA1_Stream3_IRQn=true\:5\:0\:false\:false\:true\:true\:false\:true\:true
NVIC.DMA1_Stream4_IRQn=true\:5\:0\:false\:false\:true\:true\:false\:true\:true
NVIC.DMA2_Stream0_IRQn=true\:5\:0\:false\:false\:true\:true\:false\:true\:true
NVIC.DMA2_Stream1_IRQn=true\:5\:0\:false\:false\:true\:true\:false\:true\:true
NVIC.DMA2_Stream5_IRQn=true\:5\:0\:false\:false\:true\:false\:false\:true\:true
NVIC.DMA2_Stream6_IRQn=true\:5\:0\:false\:false\:true\:true\:false\:true\:true
NVIC.DebugMonitor_IRQn=true\:0\:0\:false\:false\:true\:false\:false\:false\:false
NVIC.ForceEnableDMAVector=true
NVIC.HardFault_IRQn=true\:0\:0\:false\:false\:true\:false\:false\:false\:false
NVIC.MemoryManagement_IRQn=true\:0\:0\:false\:false\:true\:false\:false\:false\:false
NVIC.NonMaskableInt_IRQn=true\:0\:0\:false\:false\:true\:false\:false\:false\:false
NVIC.PendSV_IRQn=true\:15\:0\:false\:false\:false\:true\:false\:false\:false
NVIC.PriorityGroup=NVIC_PRIORITYGROUP_4
NVIC.SVCall_IRQn=true\:0\:0\:false\:false\:false\:false\:false\:false\:false
NVIC.SavedPendsvIrqHandlerGenerated=true
NVIC.SavedSvcallIrqHandlerGenerated=true
NVIC.SavedSystickIrqHandlerGenerated=true
NVIC.SysTick_IRQn=true\:15\:0\:false\:false\:false\:true\:false\:true\:false
NVIC.TIM2_IRQn=true\:5\:0\:false\:false\:true\:true\:true\:true\:true
NVIC.TIM4_IRQn=true\:5\:0\:false\:false\:true\:true\:true\:true\:true
NVIC.TIM6_DAC_IRQn=true\:0\:0\:true\:false\:true\:false\:false\:true\:true
NVIC.TimeBase=TIM6_DAC_IRQn
NVIC.TimeBaseIP=TIM6
NVIC.UART7_IRQn=true\:5\:0\:false\:false\:true\:true\:true\:true\:true
NVIC.USART1_IRQn=true\:5\:0\:false\:false\:true\:false\:true\:true\:true
NVIC.USART2_IRQn=true\:5\:0\:false\:false\:true\:true\:true\:true\:true
NVIC.USART3_IRQn=true\:5\:0\:false\:false\:true\:true\:true\:true\:true
NVIC.USART6_IRQn=true\:5\:0\:false\:false\:true\:true\:true\:true\:true
NVIC.UsageFault_IRQn=true\:0\:0\:false\:false\:true\:false\:false\:false\:false
PA13.Mode=Serial_Wire
PA13.Signal=SYS_JTMS-SWDIO
PA14.Mode=Serial_Wire
PA14.Signal=SYS_JTCK-SWCLK
PA6.GPIOParameters=GPIO_Label
PA6.GPIO_Label=DJI_OLED_A6
PA6.Signal=ADCx_IN6
PA7.GPIOParameters=GPIO_Label
PA7.GPIO_Label=RM_OLED_B7
PA7.Mode=Full_Duplex_Master
PA7.Signal=SPI1_MOSI
PB10.GPIOParameters=GPIO_Label
PB10.GPIO_Label=OLED_RST_B10
PB10.Locked=true
PB10.Signal=GPIO_Output
PB12.Mode=CAN_Activate
PB12.Signal=CAN2_RX
PB13.Locked=true
PB13.Mode=CAN_Activate
PB13.Signal=CAN2_TX
PB3.GPIOParameters=GPIO_Label
PB3.GPIO_Label=RM_OLED_B3
PB3.Mode=Full_Duplex_Master
PB3.Signal=SPI1_SCK
PB4.GPIOParameters=GPIO_Label
PB4.GPIO_Label=RM_OLED_B4
PB4.Mode=Full_Duplex_Master
PB4.Signal=SPI1_MISO
PB5.GPIOParameters=GPIO_Label
PB5.GPIO_Label=AIMU_Heat__B5
PB5.Signal=S_TIM3_CH2
PB6.GPIOParameters=GPIO_PuPd,GPIO_Label
PB6.GPIO_Label=DR16_OFF_B6
PB6.GPIO_PuPd=GPIO_NOPULL
PB6.Mode=Asynchronous
PB6.Signal=USART1_TX
PB7.GPIOParameters=GPIO_PuPd,GPIO_Label
PB7.GPIO_Label=DR16_RX_B7
PB7.GPIO_PuPd=GPIO_NOPULL
PB7.Mode=Asynchronous
PB7.Signal=USART1_RX
PB9.GPIOParameters=GPIO_Label
PB9.GPIO_Label=OLED_DC_B9
PB9.Locked=true
PB9.Signal=GPIO_Output
PC2.Signal=ADCx_IN12
PC3.Signal=ADCx_IN13
PD0.Locked=true
PD0.Mode=CAN_Activate
PD0.Signal=CAN1_RX
PD1.Locked=true
PD1.Mode=CAN_Activate
PD1.Signal=CAN1_TX
PD12.GPIOParameters=GPIO_PuPd,GPIO_Label
PD12.GPIO_Label=Sensor_D12
PD12.GPIO_PuPd=GPIO_PULLDOWN
PD12.Locked=true
PD12.Signal=GPIO_Input
PD5.Mode=Asynchronous
PD5.Signal=USART2_TX
PD6.Mode=Asynchronous
PD6.Signal=USART2_RX
PD8.GPIOParameters=GPIO_Label
PD8.GPIO_Label=RM_Referee_TX_D8
PD8.Locked=true
PD8.Mode=Asynchronous
PD8.Signal=USART3_TX
PD9.GPIOParameters=GPIO_Label
PD9.GPIO_Label=RM_Referee_RX_D9
PD9.Locked=true
PD9.Mode=Asynchronous
PD9.Signal=USART3_RX
PE15.GPIOParameters=GPIO_PuPd,GPIO_Label
PE15.GPIO_Label=SD_EXIT
PE15.GPIO_PuPd=GPIO_NOPULL
PE15.Locked=true
PE15.Signal=GPIO_Input
PE7.GPIOParameters=GPIO_Label
PE7.GPIO_Label=Debug_RX_E7
PE7.Locked=true
PE7.Mode=Asynchronous
PE7.Signal=UART7_RX
PE8.GPIOParameters=GPIO_Label
PE8.GPIO_Label=Debug_TX_E8
PE8.Mode=Asynchronous
PE8.Signal=UART7_TX
PF6.GPIOParameters=PinState,GPIO_Label
PF6.GPIO_Label=AIMU_Heat
PF6.Locked=true
PF6.PinState=GPIO_PIN_SET
PF6.Signal=GPIO_Output
PF7.GPIOParameters=GPIO_Label
PF7.GPIO_Label=OnBorad_AIMU_F7
PF7.Mode=Full_Duplex_Master
PF7.Signal=SPI5_SCK
PF8.GPIOParameters=GPIO_Label
PF8.GPIO_Label=OnBorad_AIMU_F8
PF8.Mode=Full_Duplex_Master
PF8.Signal=SPI5_MISO
PF9.GPIOParameters=GPIO_Label
PF9.GPIO_Label=OnBorad_AIMU_F9
PF9.Mode=Full_Duplex_Master
PF9.Signal=SPI5_MOSI
PG1.GPIOParameters=PinState,GPIO_PuPd,GPIO_Label
PG1.GPIO_Label=LED1_G1
PG1.GPIO_PuPd=GPIO_PULLUP
PG1.Locked=true
PG1.PinState=GPIO_PIN_SET
PG1.Signal=GPIO_Output
PG13.GPIOParameters=GPIO_Label
PG13.GPIO_Label=RMBoard_LASER_G13
PG13.Locked=true
PG13.Signal=GPIO_Output
PG14.GPIOParameters=GPIO_Label
PG14.GPIO_Label=Vision_TX_G14
PG14.Mode=Asynchronous
PG14.Signal=USART6_TX
PG2.GPIOParameters=PinState,GPIO_PuPd,GPIO_Label
PG2.GPIO_Label=LED2_G2
PG2.GPIO_PuPd=GPIO_PULLUP
PG2.Locked=true
PG2.PinState=GPIO_PIN_SET
PG2.Signal=GPIO_Output
PG3.GPIOParameters=PinState,GPIO_PuPd,GPIO_Label
PG3.GPIO_Label=LED3_G3
PG3.GPIO_PuPd=GPIO_PULLUP
PG3.Locked=true
PG3.PinState=GPIO_PIN_SET
PG3.Signal=GPIO_Output
PG4.GPIOParameters=PinState,GPIO_PuPd,GPIO_Label
PG4.GPIO_Label=LED4_G4
PG4.GPIO_PuPd=GPIO_PULLUP
PG4.Locked=true
PG4.PinState=GPIO_PIN_SET
PG4.Signal=GPIO_Output
PG5.GPIOParameters=PinState,GPIO_PuPd,GPIO_Label
PG5.GPIO_Label=LED5_G5
PG5.GPIO_PuPd=GPIO_PULLUP
PG5.Locked=true
PG5.PinState=GPIO_PIN_SET
PG5.Signal=GPIO_Output
PG6.GPIOParameters=PinState,GPIO_PuPd,GPIO_Label
PG6.GPIO_Label=LED6_G6
PG6.GPIO_PuPd=GPIO_PULLUP
PG6.Locked=true
PG6.PinState=GPIO_PIN_SET
PG6.Signal=GPIO_Output
PG7.GPIOParameters=PinState,GPIO_PuPd,GPIO_Label
PG7.GPIO_Label=LED7_G7
PG7.GPIO_PuPd=GPIO_PULLUP
PG7.Locked=true
PG7.PinState=GPIO_PIN_SET
PG7.Signal=GPIO_Output
PG8.GPIOParameters=PinState,GPIO_PuPd,GPIO_Label
PG8.GPIO_Label=LED8_G8
PG8.GPIO_PuPd=GPIO_PULLUP
PG8.Locked=true
PG8.PinState=GPIO_PIN_SET
PG8.Signal=GPIO_Output
PG9.GPIOParameters=GPIO_Label
PG9.GPIO_Label=Vision_RX_G9
PG9.Mode=Asynchronous
PG9.Signal=USART6_RX
PH0/OSC_IN.Mode=HSE-External-Oscillator
PH0/OSC_IN.Signal=RCC_OSC_IN
PH1/OSC_OUT.Mode=HSE-External-Oscillator
PH1/OSC_OUT.Signal=RCC_OSC_OUT
PH10.Signal=S_TIM5_CH1
PH11.Signal=S_TIM5_CH2
PH12.GPIOParameters=GPIO_Label
PH12.GPIO_Label=Device_H12
PH12.Locked=true
PH12.Signal=S_TIM5_CH3
PH6.GPIOParameters=GPIO_Label
PH6.GPIO_Label=RMBorad_Buzzer_H6
PH6.Signal=S_TIM12_CH1
PinOutPanel.CurrentBGAView=Top
PinOutPanel.RotationAngle=0
ProjectManager.AskForMigrate=true
ProjectManager.BackupPrevious=false
ProjectManager.CompilerOptimize=6
ProjectManager.ComputerToolchain=false
ProjectManager.CoupleFile=true
ProjectManager.CustomerFirmwarePackage=
ProjectManager.DefaultFWLocation=true
ProjectManager.DeletePrevious=true
ProjectManager.DeviceId=STM32F427IIHx
ProjectManager.FirmwarePackage=STM32Cube FW_F4 V1.27.1
ProjectManager.FreePins=false
ProjectManager.HalAssertFull=false
ProjectManager.HeapSize=0x200
ProjectManager.KeepUserCode=true
ProjectManager.LastFirmware=true
ProjectManager.LibraryCopy=0
ProjectManager.MainLocation=Src
ProjectManager.NoMain=false
ProjectManager.PreviousToolchain=
ProjectManager.ProjectBuild=false
ProjectManager.ProjectFileName=Team_HAL_Code_Frame.ioc
ProjectManager.ProjectName=Team_HAL_Code_Frame
ProjectManager.ProjectStructure=
ProjectManager.RegisterCallBack=
ProjectManager.StackSize=0x1000
ProjectManager.TargetToolchain=MDK-ARM V5.32
ProjectManager.ToolChainLocation=
ProjectManager.UnderRoot=false
ProjectManager.functionlistsort=1-MX_GPIO_Init-GPIO-false-HAL-true,2-MX_DMA_Init-DMA-false-HAL-true,3-SystemClock_Config-RCC-false-HAL-false,4-MX_ADC1_Init-ADC1-false-HAL-true,5-MX_CAN1_Init-CAN1-false-HAL-true,6-MX_CAN2_Init-CAN2-false-HAL-true,7-MX_IWDG_Init-IWDG-false-HAL-true,8-MX_SPI1_Init-SPI1-false-HAL-true,9-MX_SPI5_Init-SPI5-false-HAL-true,10-MX_TIM3_Init-TIM3-false-HAL-true,11-MX_TIM5_Init-TIM5-false-HAL-true,12-MX_TIM12_Init-TIM12-false-HAL-true,13-MX_UART7_Init-UART7-false-HAL-true,14-MX_USART1_UART_Init-USART1-false-HAL-true,15-MX_USART3_UART_Init-USART3-false-HAL-true,16-MX_RNG_Init-RNG-false-HAL-true,17-MX_USART6_UART_Init-USART6-false-HAL-true,18-MX_TIM4_Init-TIM4-false-HAL-true,19-MX_TIM9_Init-TIM9-false-HAL-true,20-MX_TIM2_Init-TIM2-false-HAL-true,21-MX_USART2_UART_Init-USART2-false-HAL-true,22-MX_SDIO_SD_Init-SDIO-false-HAL-true,22-MX_RTC_Init-RTC-false-HAL-true
RCC.48MHZClocksFreq_Value=48000000
RCC.AHBFreq_Value=168000000
RCC.APB1CLKDivider=RCC_HCLK_DIV4
RCC.APB1Freq_Value=42000000
RCC.APB1TimFreq_Value=84000000
RCC.APB2CLKDivider=RCC_HCLK_DIV2
RCC.APB2Freq_Value=84000000
RCC.APB2TimFreq_Value=168000000
RCC.CortexFreq_Value=168000000
RCC.EthernetFreq_Value=168000000
RCC.FCLKCortexFreq_Value=168000000
RCC.FamilyName=M
RCC.HCLKFreq_Value=168000000
RCC.HSE_VALUE=12000000
RCC.HSI_VALUE=16000000
RCC.I2SClocksFreq_Value=192000000
RCC.IPParameters=48MHZClocksFreq_Value,AHBFreq_Value,APB1CLKDivider,APB1Freq_Value,APB1TimFreq_Value,APB2CLKDivider,APB2Freq_Value,APB2TimFreq_Value,CortexFreq_Value,EthernetFreq_Value,FCLKCortexFreq_Value,FamilyName,HCLKFreq_Value,HSE_VALUE,HSI_VALUE,I2SClocksFreq_Value,LSE_VALUE,LSI_VALUE,MCO2PinFreq_Value,PLLCLKFreq_Value,PLLM,PLLN,PLLQ,PLLQCLKFreq_Value,PLLSourceVirtual,RTCFreq_Value,RTCHSEDivFreq_Value,SAI_AClocksFreq_Value,SAI_BClocksFreq_Value,SYSCLKFreq_VALUE,SYSCLKSource,VCOI2SOutputFreq_Value,VCOInputFreq_Value,VCOOutputFreq_Value,VCOSAIOutputFreq_Value,VCOSAIOutputFreq_ValueQ,VcooutputI2S,VcooutputI2SQ
RCC.LSE_VALUE=32768
RCC.LSI_VALUE=32000
RCC.MCO2PinFreq_Value=168000000
RCC.PLLCLKFreq_Value=168000000
RCC.PLLM=6
RCC.PLLN=168
RCC.PLLQ=7
RCC.PLLQCLKFreq_Value=48000000
RCC.PLLSourceVirtual=RCC_PLLSOURCE_HSE
RCC.RTCFreq_Value=32000
RCC.RTCHSEDivFreq_Value=6000000
RCC.SAI_AClocksFreq_Value=24500000
RCC.SAI_BClocksFreq_Value=24500000
RCC.SYSCLKFreq_VALUE=168000000
RCC.SYSCLKSource=RCC_SYSCLKSOURCE_PLLCLK
RCC.VCOI2SOutputFreq_Value=384000000
RCC.VCOInputFreq_Value=2000000
RCC.VCOOutputFreq_Value=336000000
RCC.VCOSAIOutputFreq_Value=98000000
RCC.VCOSAIOutputFreq_ValueQ=24500000
RCC.VcooutputI2S=192000000
RCC.VcooutputI2SQ=192000000
RTC.Date=16
RTC.Format=RTC_FORMAT_BIN
RTC.HourFormat=RTC_HOURFORMAT_24
RTC.Hours=0
RTC.IPParameters=Hours,HourFormat,Format,Year,Date,Month,WeekDay
RTC.Month=RTC_MONTH_JUNE
RTC.WeekDay=RTC_WEEKDAY_THURSDAY
RTC.Year=52
SH.ADCx_IN12.0=ADC1_IN12,IN12
SH.ADCx_IN12.ConfNb=1
SH.ADCx_IN13.0=ADC1_IN13,IN13
SH.ADCx_IN13.ConfNb=1
SH.ADCx_IN6.0=ADC1_IN6,IN6
SH.ADCx_IN6.ConfNb=1
SH.S_TIM12_CH1.0=TIM12_CH1,PWM Generation1 CH1
SH.S_TIM12_CH1.ConfNb=1
SH.S_TIM3_CH2.0=TIM3_CH2,PWM Generation2 CH2
SH.S_TIM3_CH2.ConfNb=1
SH.S_TIM5_CH1.0=TIM5_CH1,PWM Generation1 CH1
SH.S_TIM5_CH1.ConfNb=1
SH.S_TIM5_CH2.0=TIM5_CH2,PWM Generation2 CH2
SH.S_TIM5_CH2.ConfNb=1
SH.S_TIM5_CH3.0=TIM5_CH3,PWM Generation3 CH3
SH.S_TIM5_CH3.ConfNb=1
SPI1.BaudRatePrescaler=SPI_BAUDRATEPRESCALER_2
SPI1.CalculateBaudRate=42.0 MBits/s
SPI1.Direction=SPI_DIRECTION_2LINES
SPI1.IPParameters=VirtualType,Mode,Direction,CalculateBaudRate,BaudRatePrescaler
SPI1.Mode=SPI_MODE_MASTER
SPI1.VirtualType=VM_MASTER
SPI5.BaudRatePrescaler=SPI_BAUDRATEPRESCALER_128
SPI5.CalculateBaudRate=656.25 KBits/s
SPI5.Direction=SPI_DIRECTION_2LINES
SPI5.IPParameters=VirtualType,Mode,Direction,CalculateBaudRate,BaudRatePrescaler
SPI5.Mode=SPI_MODE_MASTER
SPI5.VirtualType=VM_MASTER
TIM12.Channel-PWM\ Generation1\ CH1=TIM_CHANNEL_1
TIM12.IPParameters=Channel-PWM Generation1 CH1,Prescaler,Period,Pulse-PWM Generation1 CH1
TIM12.Period=2499
TIM12.Prescaler=83
TIM12.Pulse-PWM\ Generation1\ CH1=1000
TIM2.IPParameters=Prescaler,Period
TIM2.Period=49
TIM2.Prescaler=83
TIM3.Channel-PWM\ Generation2\ CH2=TIM_CHANNEL_2
TIM3.IPParameters=Channel-PWM Generation2 CH2,Period
TIM3.Period=4999
TIM4.IPParameters=Prescaler
TIM4.Prescaler=83
TIM5.Channel-PWM\ Generation1\ CH1=TIM_CHANNEL_1
TIM5.Channel-PWM\ Generation2\ CH2=TIM_CHANNEL_2
TIM5.Channel-PWM\ Generation3\ CH3=TIM_CHANNEL_3
TIM5.IPParameters=Channel-PWM Generation1 CH1,Channel-PWM Generation2 CH2,Channel-PWM Generation3 CH3,Prescaler,Period,Pulse-PWM Generation1 CH1,Pulse-PWM Generation2 CH2,Pulse-PWM Generation3 CH3
TIM5.Period=19999
TIM5.Prescaler=83
TIM5.Pulse-PWM\ Generation1\ CH1=1000
TIM5.Pulse-PWM\ Generation2\ CH2=1000
TIM5.Pulse-PWM\ Generation3\ CH3=1720
UART7.BaudRate=115200
UART7.IPParameters=VirtualMode,BaudRate
UART7.VirtualMode=Asynchronous
USART1.BaudRate=100000
USART1.IPParameters=VirtualMode,BaudRate,WordLength
USART1.VirtualMode=VM_ASYNC
USART1.WordLength=WORDLENGTH_9B
USART2.IPParameters=VirtualMode
USART2.VirtualMode=VM_ASYNC
USART3.IPParameters=VirtualMode
USART3.VirtualMode=VM_ASYNC
USART6.BaudRate=115200
USART6.IPParameters=VirtualMode,BaudRate
USART6.VirtualMode=VM_ASYNC
VP_ADC1_Vref_Input.Mode=IN-Vrefint
VP_ADC1_Vref_Input.Signal=ADC1_Vref_Input
VP_FREERTOS_VS_CMSIS_V1.Mode=CMSIS_V1
VP_FREERTOS_VS_CMSIS_V1.Signal=FREERTOS_VS_CMSIS_V1
VP_IWDG_VS_IWDG.Mode=IWDG_Activate
VP_IWDG_VS_IWDG.Signal=IWDG_VS_IWDG
VP_RNG_VS_RNG.Mode=RNG_Activate
VP_RNG_VS_RNG.Signal=RNG_VS_RNG
VP_RTC_VS_RTC_Activate.Mode=RTC_Enabled
VP_RTC_VS_RTC_Activate.Signal=RTC_VS_RTC_Activate
VP_RTC_VS_RTC_Calendar.Mode=RTC_Calendar
VP_RTC_VS_RTC_Calendar.Signal=RTC_VS_RTC_Calendar
VP_SYS_VS_tim6.Mode=TIM6
VP_SYS_VS_tim6.Signal=SYS_VS_tim6
VP_TIM12_VS_ClockSourceINT.Mode=Internal
VP_TIM12_VS_ClockSourceINT.Signal=TIM12_VS_ClockSourceINT
VP_TIM2_VS_ClockSourceINT.Mode=Internal
VP_TIM2_VS_ClockSourceINT.Signal=TIM2_VS_ClockSourceINT
VP_TIM3_VS_ClockSourceINT.Mode=Internal
VP_TIM3_VS_ClockSourceINT.Signal=TIM3_VS_ClockSourceINT
VP_TIM4_VS_ClockSourceINT.Mode=Internal
VP_TIM4_VS_ClockSourceINT.Signal=TIM4_VS_ClockSourceINT
VP_TIM5_VS_ClockSourceINT.Mode=Internal
VP_TIM5_VS_ClockSourceINT.Signal=TIM5_VS_ClockSourceINT
VP_TIM9_VS_ClockSourceINT.Mode=Internal
VP_TIM9_VS_ClockSourceINT.Signal=TIM9_VS_ClockSourceINT
board=custom
rtos.0.ip=FREERTOS
